
Microsoft Visual Studio Solution File, Format Version 12.00
# Visual Studio Version 16
VisualStudioVersion = 16.0.30114.105
MinimumVisualStudioVersion = 10.0.40219.1
Project("{2150E333-8FDC-42A3-9474-1A3956D46DE8}") = "src", "src", "{E29EC5CD-A1FB-4426-8F66-7901C7C4491B}"
EndProject
Project("{9A19103F-16F7-4668-BE54-9A1E7A4F7556}") = "Ao.Lang", "src\Ao.Lang\Ao.Lang.csproj", "{C8F6115F-6301-477C-8F5B-4E83DE0AF7CA}"
EndProject
Project("{9A19103F-16F7-4668-BE54-9A1E7A4F7556}") = "Ao.Lang.Sources", "src\Ao.Lang.Sources\Ao.Lang.Sources.csproj", "{36B94741-A644-4F00-8971-E7DE4ECD00CF}"
EndProject
Project("{2150E333-8FDC-42A3-9474-1A3956D46DE8}") = "samples", "samples", "{BB085490-E0C0-47A1-8D85-4233B4E6F17A}"
EndProject
Project("{9A19103F-16F7-4668-BE54-9A1E7A4F7556}") = "Ao.Lang.Sample", "samples\Ao.Lang.Sample\Ao.Lang.Sample.csproj", "{7065A678-A5CB-43D3-B94D-9E93A5575A41}"
EndProject
Project("{2150E333-8FDC-42A3-9474-1A3956D46DE8}") = "tests", "tests", "{D22A9340-F00D-4718-A14D-04F8E888D43A}"
EndProject
Project("{9A19103F-16F7-4668-BE54-9A1E7A4F7556}") = "Ao.Lang.Test", "test\Ao.Lang.Test\Ao.Lang.Test.csproj", "{2E7D0B46-7C07-496B-8B8D-6C8C71599097}"
EndProject
Project("{9A19103F-16F7-4668-BE54-9A1E7A4F7556}") = "Ao.Lang.Wpf", "src\Ao.Lang.Wpf\Ao.Lang.Wpf.csproj", "{36ABB25B-9659-4B90-8C04-B748E3EB03AA}"
EndProject
Project("{FAE04EC0-301F-11D3-BF4B-00C04F79EFBC}") = "Ao.Lang.Wpf.Sample", "samples\Ao.Lang.Wpf.Sample\Ao.Lang.Wpf.Sample.csproj", "{5829E8B3-3838-42A7-8F73-6FA3E3BFA9AE}"
EndProject
Project("{FAE04EC0-301F-11D3-BF4B-00C04F79EFBC}") = "Microsoft.Extensions.Configuration.Resx", "src\Microsoft.Extensions.Configuration.Resx\Microsoft.Extensions.Configuration.Resx.csproj", "{AB8832FA-178A-47EA-BDFD-1BA52171E068}"
EndProject
Project("{FAE04EC0-301F-11D3-BF4B-00C04F79EFBC}") = "Microsoft.Extensions.Configuration.Resources", "src\Microsoft.Extensions.Configuration.Resources\Microsoft.Extensions.Configuration.Resources.csproj", "{C38910BC-2F25-4585-ADF0-9EFE4B5646DC}"
EndProject
Project("{FAE04EC0-301F-11D3-BF4B-00C04F79EFBC}") = "Microsoft.Extensions.Configuration.Resx.Test", "test\Microsoft.Extensions.Configuration.Resx.Test\Microsoft.Extensions.Configuration.Resx.Test.csproj", "{B6944533-1E07-4A8C-AF6A-8F3811C5F072}"
EndProject
Global
	GlobalSection(SolutionConfigurationPlatforms) = preSolution
		Debug|Any CPU = Debug|Any CPU
		Debug|x64 = Debug|x64
		Debug|x86 = Debug|x86
		Release|Any CPU = Release|Any CPU
		Release|x64 = Release|x64
		Release|x86 = Release|x86
	EndGlobalSection
	GlobalSection(ProjectConfigurationPlatforms) = postSolution
		{C8F6115F-6301-477C-8F5B-4E83DE0AF7CA}.Debug|Any CPU.ActiveCfg = Debug|Any CPU
		{C8F6115F-6301-477C-8F5B-4E83DE0AF7CA}.Debug|Any CPU.Build.0 = Debug|Any CPU
		{C8F6115F-6301-477C-8F5B-4E83DE0AF7CA}.Debug|x64.ActiveCfg = Debug|Any CPU
		{C8F6115F-6301-477C-8F5B-4E83DE0AF7CA}.Debug|x64.Build.0 = Debug|Any CPU
		{C8F6115F-6301-477C-8F5B-4E83DE0AF7CA}.Debug|x86.ActiveCfg = Debug|Any CPU
		{C8F6115F-6301-477C-8F5B-4E83DE0AF7CA}.Debug|x86.Build.0 = Debug|Any CPU
		{C8F6115F-6301-477C-8F5B-4E83DE0AF7CA}.Release|Any CPU.ActiveCfg = Release|Any CPU
		{C8F6115F-6301-477C-8F5B-4E83DE0AF7CA}.Release|Any CPU.Build.0 = Release|Any CPU
		{C8F6115F-6301-477C-8F5B-4E83DE0AF7CA}.Release|x64.ActiveCfg = Release|Any CPU
		{C8F6115F-6301-477C-8F5B-4E83DE0AF7CA}.Release|x64.Build.0 = Release|Any CPU
		{C8F6115F-6301-477C-8F5B-4E83DE0AF7CA}.Release|x86.ActiveCfg = Release|Any CPU
		{C8F6115F-6301-477C-8F5B-4E83DE0AF7CA}.Release|x86.Build.0 = Release|Any CPU
		{36B94741-A644-4F00-8971-E7DE4ECD00CF}.Debug|Any CPU.ActiveCfg = Debug|Any CPU
		{36B94741-A644-4F00-8971-E7DE4ECD00CF}.Debug|Any CPU.Build.0 = Debug|Any CPU
		{36B94741-A644-4F00-8971-E7DE4ECD00CF}.Debug|x64.ActiveCfg = Debug|Any CPU
		{36B94741-A644-4F00-8971-E7DE4ECD00CF}.Debug|x64.Build.0 = Debug|Any CPU
		{36B94741-A644-4F00-8971-E7DE4ECD00CF}.Debug|x86.ActiveCfg = Debug|Any CPU
		{36B94741-A644-4F00-8971-E7DE4ECD00CF}.Debug|x86.Build.0 = Debug|Any CPU
		{36B94741-A644-4F00-8971-E7DE4ECD00CF}.Release|Any CPU.ActiveCfg = Release|Any CPU
		{36B94741-A644-4F00-8971-E7DE4ECD00CF}.Release|Any CPU.Build.0 = Release|Any CPU
		{36B94741-A644-4F00-8971-E7DE4ECD00CF}.Release|x64.ActiveCfg = Release|Any CPU
		{36B94741-A644-4F00-8971-E7DE4ECD00CF}.Release|x64.Build.0 = Release|Any CPU
		{36B94741-A644-4F00-8971-E7DE4ECD00CF}.Release|x86.ActiveCfg = Release|Any CPU
		{36B94741-A644-4F00-8971-E7DE4ECD00CF}.Release|x86.Build.0 = Release|Any CPU
		{7065A678-A5CB-43D3-B94D-9E93A5575A41}.Debug|Any CPU.ActiveCfg = Debug|Any CPU
		{7065A678-A5CB-43D3-B94D-9E93A5575A41}.Debug|Any CPU.Build.0 = Debug|Any CPU
		{7065A678-A5CB-43D3-B94D-9E93A5575A41}.Debug|x64.ActiveCfg = Debug|Any CPU
		{7065A678-A5CB-43D3-B94D-9E93A5575A41}.Debug|x64.Build.0 = Debug|Any CPU
		{7065A678-A5CB-43D3-B94D-9E93A5575A41}.Debug|x86.ActiveCfg = Debug|Any CPU
		{7065A678-A5CB-43D3-B94D-9E93A5575A41}.Debug|x86.Build.0 = Debug|Any CPU
		{7065A678-A5CB-43D3-B94D-9E93A5575A41}.Release|Any CPU.ActiveCfg = Release|Any CPU
		{7065A678-A5CB-43D3-B94D-9E93A5575A41}.Release|Any CPU.Build.0 = Release|Any CPU
		{7065A678-A5CB-43D3-B94D-9E93A5575A41}.Release|x64.ActiveCfg = Release|Any CPU
		{7065A678-A5CB-43D3-B94D-9E93A5575A41}.Release|x64.Build.0 = Release|Any CPU
		{7065A678-A5CB-43D3-B94D-9E93A5575A41}.Release|x86.ActiveCfg = Release|Any CPU
		{7065A678-A5CB-43D3-B94D-9E93A5575A41}.Release|x86.Build.0 = Release|Any CPU
		{2E7D0B46-7C07-496B-8B8D-6C8C71599097}.Debug|Any CPU.ActiveCfg = Debug|Any CPU
		{2E7D0B46-7C07-496B-8B8D-6C8C71599097}.Debug|Any CPU.Build.0 = Debug|Any CPU
		{2E7D0B46-7C07-496B-8B8D-6C8C71599097}.Debug|x64.ActiveCfg = Debug|Any CPU
		{2E7D0B46-7C07-496B-8B8D-6C8C71599097}.Debug|x64.Build.0 = Debug|Any CPU
		{2E7D0B46-7C07-496B-8B8D-6C8C71599097}.Debug|x86.ActiveCfg = Debug|Any CPU
		{2E7D0B46-7C07-496B-8B8D-6C8C71599097}.Debug|x86.Build.0 = Debug|Any CPU
		{2E7D0B46-7C07-496B-8B8D-6C8C71599097}.Release|Any CPU.ActiveCfg = Release|Any CPU
		{2E7D0B46-7C07-496B-8B8D-6C8C71599097}.Release|Any CPU.Build.0 = Release|Any CPU
		{2E7D0B46-7C07-496B-8B8D-6C8C71599097}.Release|x64.ActiveCfg = Release|Any CPU
		{2E7D0B46-7C07-496B-8B8D-6C8C71599097}.Release|x64.Build.0 = Release|Any CPU
		{2E7D0B46-7C07-496B-8B8D-6C8C71599097}.Release|x86.ActiveCfg = Release|Any CPU
		{2E7D0B46-7C07-496B-8B8D-6C8C71599097}.Release|x86.Build.0 = Release|Any CPU
		{36ABB25B-9659-4B90-8C04-B748E3EB03AA}.Debug|Any CPU.ActiveCfg = Debug|Any CPU
		{36ABB25B-9659-4B90-8C04-B748E3EB03AA}.Debug|Any CPU.Build.0 = Debug|Any CPU
		{36ABB25B-9659-4B90-8C04-B748E3EB03AA}.Debug|x64.ActiveCfg = Debug|Any CPU
		{36ABB25B-9659-4B90-8C04-B748E3EB03AA}.Debug|x64.Build.0 = Debug|Any CPU
		{36ABB25B-9659-4B90-8C04-B748E3EB03AA}.Debug|x86.ActiveCfg = Debug|Any CPU
		{36ABB25B-9659-4B90-8C04-B748E3EB03AA}.Debug|x86.Build.0 = Debug|Any CPU
		{36ABB25B-9659-4B90-8C04-B748E3EB03AA}.Release|Any CPU.ActiveCfg = Release|Any CPU
		{36ABB25B-9659-4B90-8C04-B748E3EB03AA}.Release|Any CPU.Build.0 = Release|Any CPU
		{36ABB25B-9659-4B90-8C04-B748E3EB03AA}.Release|x64.ActiveCfg = Release|Any CPU
		{36ABB25B-9659-4B90-8C04-B748E3EB03AA}.Release|x64.Build.0 = Release|Any CPU
		{36ABB25B-9659-4B90-8C04-B748E3EB03AA}.Release|x86.ActiveCfg = Release|Any CPU
		{36ABB25B-9659-4B90-8C04-B748E3EB03AA}.Release|x86.Build.0 = Release|Any CPU
		{5829E8B3-3838-42A7-8F73-6FA3E3BFA9AE}.Debug|Any CPU.ActiveCfg = Debug|Any CPU
		{5829E8B3-3838-42A7-8F73-6FA3E3BFA9AE}.Debug|Any CPU.Build.0 = Debug|Any CPU
		{5829E8B3-3838-42A7-8F73-6FA3E3BFA9AE}.Debug|x64.ActiveCfg = Debug|Any CPU
		{5829E8B3-3838-42A7-8F73-6FA3E3BFA9AE}.Debug|x64.Build.0 = Debug|Any CPU
		{5829E8B3-3838-42A7-8F73-6FA3E3BFA9AE}.Debug|x86.ActiveCfg = Debug|Any CPU
		{5829E8B3-3838-42A7-8F73-6FA3E3BFA9AE}.Debug|x86.Build.0 = Debug|Any CPU
		{5829E8B3-3838-42A7-8F73-6FA3E3BFA9AE}.Release|Any CPU.ActiveCfg = Release|Any CPU
		{5829E8B3-3838-42A7-8F73-6FA3E3BFA9AE}.Release|Any CPU.Build.0 = Release|Any CPU
		{5829E8B3-3838-42A7-8F73-6FA3E3BFA9AE}.Release|x64.ActiveCfg = Release|Any CPU
		{5829E8B3-3838-42A7-8F73-6FA3E3BFA9AE}.Release|x64.Build.0 = Release|Any CPU
		{5829E8B3-3838-42A7-8F73-6FA3E3BFA9AE}.Release|x86.ActiveCfg = Release|Any CPU
		{5829E8B3-3838-42A7-8F73-6FA3E3BFA9AE}.Release|x86.Build.0 = Release|Any CPU
		{AB8832FA-178A-47EA-BDFD-1BA52171E068}.Debug|Any CPU.ActiveCfg = Debug|Any CPU
		{AB8832FA-178A-47EA-BDFD-1BA52171E068}.Debug|Any CPU.Build.0 = Debug|Any CPU
		{AB8832FA-178A-47EA-BDFD-1BA52171E068}.Debug|x64.ActiveCfg = Debug|Any CPU
		{AB8832FA-178A-47EA-BDFD-1BA52171E068}.Debug|x64.Build.0 = Debug|Any CPU
		{AB8832FA-178A-47EA-BDFD-1BA52171E068}.Debug|x86.ActiveCfg = Debug|Any CPU
		{AB8832FA-178A-47EA-BDFD-1BA52171E068}.Debug|x86.Build.0 = Debug|Any CPU
		{AB8832FA-178A-47EA-BDFD-1BA52171E068}.Release|Any CPU.ActiveCfg = Release|Any CPU
		{AB8832FA-178A-47EA-BDFD-1BA52171E068}.Release|Any CPU.Build.0 = Release|Any CPU
		{AB8832FA-178A-47EA-BDFD-1BA52171E068}.Release|x64.ActiveCfg = Release|Any CPU
		{AB8832FA-178A-47EA-BDFD-1BA52171E068}.Release|x64.Build.0 = Release|Any CPU
		{AB8832FA-178A-47EA-BDFD-1BA52171E068}.Release|x86.ActiveCfg = Release|Any CPU
		{AB8832FA-178A-47EA-BDFD-1BA52171E068}.Release|x86.Build.0 = Release|Any CPU
		{C38910BC-2F25-4585-ADF0-9EFE4B5646DC}.Debug|Any CPU.ActiveCfg = Debug|Any CPU
		{C38910BC-2F25-4585-ADF0-9EFE4B5646DC}.Debug|Any CPU.Build.0 = Debug|Any CPU
		{C38910BC-2F25-4585-ADF0-9EFE4B5646DC}.Debug|x64.ActiveCfg = Debug|Any CPU
		{C38910BC-2F25-4585-ADF0-9EFE4B5646DC}.Debug|x64.Build.0 = Debug|Any CPU
		{C38910BC-2F25-4585-ADF0-9EFE4B5646DC}.Debug|x86.ActiveCfg = Debug|Any CPU
		{C38910BC-2F25-4585-ADF0-9EFE4B5646DC}.Debug|x86.Build.0 = Debug|Any CPU
		{C38910BC-2F25-4585-ADF0-9EFE4B5646DC}.Release|Any CPU.ActiveCfg = Release|Any CPU
		{C38910BC-2F25-4585-ADF0-9EFE4B5646DC}.Release|Any CPU.Build.0 = Release|Any CPU
		{C38910BC-2F25-4585-ADF0-9EFE4B5646DC}.Release|x64.ActiveCfg = Release|Any CPU
		{C38910BC-2F25-4585-ADF0-9EFE4B5646DC}.Release|x64.Build.0 = Release|Any CPU
		{C38910BC-2F25-4585-ADF0-9EFE4B5646DC}.Release|x86.ActiveCfg = Release|Any CPU
		{C38910BC-2F25-4585-ADF0-9EFE4B5646DC}.Release|x86.Build.0 = Release|Any CPU
		{B6944533-1E07-4A8C-AF6A-8F3811C5F072}.Debug|Any CPU.ActiveCfg = Debug|Any CPU
		{B6944533-1E07-4A8C-AF6A-8F3811C5F072}.Debug|Any CPU.Build.0 = Debug|Any CPU
		{B6944533-1E07-4A8C-AF6A-8F3811C5F072}.Debug|x64.ActiveCfg = Debug|Any CPU
		{B6944533-1E07-4A8C-AF6A-8F3811C5F072}.Debug|x64.Build.0 = Debug|Any CPU
		{B6944533-1E07-4A8C-AF6A-8F3811C5F072}.Debug|x86.ActiveCfg = Debug|Any CPU
		{B6944533-1E07-4A8C-AF6A-8F3811C5F072}.Debug|x86.Build.0 = Debug|Any CPU
		{B6944533-1E07-4A8C-AF6A-8F3811C5F072}.Release|Any CPU.ActiveCfg = Release|Any CPU
		{B6944533-1E07-4A8C-AF6A-8F3811C5F072}.Release|Any CPU.Build.0 = Release|Any CPU
		{B6944533-1E07-4A8C-AF6A-8F3811C5F072}.Release|x64.ActiveCfg = Release|Any CPU
		{B6944533-1E07-4A8C-AF6A-8F3811C5F072}.Release|x64.Build.0 = Release|Any CPU
		{B6944533-1E07-4A8C-AF6A-8F3811C5F072}.Release|x86.ActiveCfg = Release|Any CPU
		{B6944533-1E07-4A8C-AF6A-8F3811C5F072}.Release|x86.Build.0 = Release|Any CPU
	EndGlobalSection
	GlobalSection(SolutionProperties) = preSolution
		HideSolutionNode = FALSE
	EndGlobalSection
	GlobalSection(NestedProjects) = preSolution
		{C8F6115F-6301-477C-8F5B-4E83DE0AF7CA} = {E29EC5CD-A1FB-4426-8F66-7901C7C4491B}
		{36B94741-A644-4F00-8971-E7DE4ECD00CF} = {E29EC5CD-A1FB-4426-8F66-7901C7C4491B}
		{7065A678-A5CB-43D3-B94D-9E93A5575A41} = {BB085490-E0C0-47A1-8D85-4233B4E6F17A}
		{2E7D0B46-7C07-496B-8B8D-6C8C71599097} = {D22A9340-F00D-4718-A14D-04F8E888D43A}
		{36ABB25B-9659-4B90-8C04-B748E3EB03AA} = {E29EC5CD-A1FB-4426-8F66-7901C7C4491B}
		{5829E8B3-3838-42A7-8F73-6FA3E3BFA9AE} = {BB085490-E0C0-47A1-8D85-4233B4E6F17A}
		{AB8832FA-178A-47EA-BDFD-1BA52171E068} = {E29EC5CD-A1FB-4426-8F66-7901C7C4491B}
		{C38910BC-2F25-4585-ADF0-9EFE4B5646DC} = {E29EC5CD-A1FB-4426-8F66-7901C7C4491B}
		{B6944533-1E07-4A8C-AF6A-8F3811C5F072} = {D22A9340-F00D-4718-A14D-04F8E888D43A}
	EndGlobalSection
	GlobalSection(ExtensibilityGlobals) = postSolution
		SolutionGuid = {2A99D1E1-33AC-446D-A41B-50E0E2C7AB68}
	EndGlobalSection
EndGlobal
